
Microsoft Visual Studio Solution File, Format Version 12.00
# Visual Studio Version 16
VisualStudioVersion = 16.0.29926.136
MinimumVisualStudioVersion = 10.0.40219.1
Project("{FAE04EC0-301F-11D3-BF4B-00C04F79EFBC}") = "DESKTOP Project", "سطح المكتب\DESKTOP Project.csproj", "{B8E699B9-4FB6-44E4-B4D0-F31B0EFC412E}"
EndProject
Global
	GlobalSection(SolutionConfigurationPlatforms) = preSolution
		Debug|Any CPU = Debug|Any CPU
		Release|Any CPU = Release|Any CPU
	EndGlobalSection
	GlobalSection(ProjectConfigurationPlatforms) = postSolution
		{B8E699B9-4FB6-44E4-B4D0-F31B0EFC412E}.Debug|Any CPU.ActiveCfg = Debug|Any CPU
		{B8E699B9-4FB6-44E4-B4D0-F31B0EFC412E}.Debug|Any CPU.Build.0 = Debug|Any CPU
		{B8E699B9-4FB6-44E4-B4D0-F31B0EFC412E}.Release|Any CPU.ActiveCfg = Release|Any CPU
		{B8E699B9-4FB6-44E4-B4D0-F31B0EFC412E}.Release|Any CPU.Build.0 = Release|Any CPU
	EndGlobalSection
	GlobalSection(SolutionProperties) = preSolution
		HideSolutionNode = FALSE
	EndGlobalSection
	GlobalSection(ExtensibilityGlobals) = postSolution
		SolutionGuid = {C850590A-F2FB-4CB9-B931-CC6E5A995930}
	EndGlobalSection
EndGlobal
